
Microsoft Visual Studio Solution File, Format Version 12.00
# Visual Studio Version 17
VisualStudioVersion = 17.7.34031.279
MinimumVisualStudioVersion = 10.0.40219.1
Project("{FAE04EC0-301F-11D3-BF4B-00C04F79EFBC}") = "IEFIPrgII", "IEFIPrgII\IEFIPrgII.csproj", "{6FBF5D41-FB9B-4EB6-B994-7BA4DDC6E44A}"
EndProject
Project("{FAE04EC0-301F-11D3-BF4B-00C04F79EFBC}") = "CapaNegocio", "CapaNegocio\CapaNegocio.csproj", "{DC16A818-0258-4370-B04E-6407558AF168}"
EndProject
Project("{FAE04EC0-301F-11D3-BF4B-00C04F79EFBC}") = "Entity", "Entity\Entity.csproj", "{F17D665A-BA84-4D03-A08B-2550B6745680}"
EndProject
Project("{FAE04EC0-301F-11D3-BF4B-00C04F79EFBC}") = "CapaDatos", "CapaDatos\CapaDatos.csproj", "{05705252-3406-4330-AAE0-BB063584C593}"
EndProject
Global
	GlobalSection(SolutionConfigurationPlatforms) = preSolution
		Debug|Any CPU = Debug|Any CPU
		Release|Any CPU = Release|Any CPU
	EndGlobalSection
	GlobalSection(ProjectConfigurationPlatforms) = postSolution
		{6FBF5D41-FB9B-4EB6-B994-7BA4DDC6E44A}.Debug|Any CPU.ActiveCfg = Debug|Any CPU
		{6FBF5D41-FB9B-4EB6-B994-7BA4DDC6E44A}.Debug|Any CPU.Build.0 = Debug|Any CPU
		{6FBF5D41-FB9B-4EB6-B994-7BA4DDC6E44A}.Release|Any CPU.ActiveCfg = Release|Any CPU
		{6FBF5D41-FB9B-4EB6-B994-7BA4DDC6E44A}.Release|Any CPU.Build.0 = Release|Any CPU
		{DC16A818-0258-4370-B04E-6407558AF168}.Debug|Any CPU.ActiveCfg = Debug|Any CPU
		{DC16A818-0258-4370-B04E-6407558AF168}.Debug|Any CPU.Build.0 = Debug|Any CPU
		{DC16A818-0258-4370-B04E-6407558AF168}.Release|Any CPU.ActiveCfg = Release|Any CPU
		{DC16A818-0258-4370-B04E-6407558AF168}.Release|Any CPU.Build.0 = Release|Any CPU
		{F17D665A-BA84-4D03-A08B-2550B6745680}.Debug|Any CPU.ActiveCfg = Debug|Any CPU
		{F17D665A-BA84-4D03-A08B-2550B6745680}.Debug|Any CPU.Build.0 = Debug|Any CPU
		{F17D665A-BA84-4D03-A08B-2550B6745680}.Release|Any CPU.ActiveCfg = Release|Any CPU
		{F17D665A-BA84-4D03-A08B-2550B6745680}.Release|Any CPU.Build.0 = Release|Any CPU
		{05705252-3406-4330-AAE0-BB063584C593}.Debug|Any CPU.ActiveCfg = Debug|Any CPU
		{05705252-3406-4330-AAE0-BB063584C593}.Debug|Any CPU.Build.0 = Debug|Any CPU
		{05705252-3406-4330-AAE0-BB063584C593}.Release|Any CPU.ActiveCfg = Release|Any CPU
		{05705252-3406-4330-AAE0-BB063584C593}.Release|Any CPU.Build.0 = Release|Any CPU
	EndGlobalSection
	GlobalSection(SolutionProperties) = preSolution
		HideSolutionNode = FALSE
	EndGlobalSection
	GlobalSection(ExtensibilityGlobals) = postSolution
		SolutionGuid = {2F1F4ED2-2993-4E8D-B025-6C5F92BC51C9}
	EndGlobalSection
EndGlobal
